// !$*UTF8*$!
{
	archiveVersion = 1;
	classes = {
	};
	objectVersion = 56;
	objects = {

/* Begin PBXBuildFile section */
		4668E0080A90474020696876 /* Pods_Instagram.framework in Frameworks */ = {isa = PBXBuildFile; fileRef = 1A038A5B69DF9937F62C989A /* Pods_Instagram.framework */; };
		9795B8CC2C884B66005447E2 /* AppDelegate.swift in Sources */ = {isa = PBXBuildFile; fileRef = 9795B8CB2C884B66005447E2 /* AppDelegate.swift */; };
		9795B8CE2C884B66005447E2 /* SceneDelegate.swift in Sources */ = {isa = PBXBuildFile; fileRef = 9795B8CD2C884B66005447E2 /* SceneDelegate.swift */; };
		9795B8D32C884B66005447E2 /* Base in Resources */ = {isa = PBXBuildFile; fileRef = 9795B8D22C884B66005447E2 /* Base */; };
		9795B8D52C884B68005447E2 /* Assets.xcassets in Resources */ = {isa = PBXBuildFile; fileRef = 9795B8D42C884B68005447E2 /* Assets.xcassets */; };
		9795B8D82C884B68005447E2 /* Base in Resources */ = {isa = PBXBuildFile; fileRef = 9795B8D72C884B68005447E2 /* Base */; };
		9795B8E02C884C79005447E2 /* LoginViewController.swift in Sources */ = {isa = PBXBuildFile; fileRef = 9795B8DF2C884C79005447E2 /* LoginViewController.swift */; };
		9795B8E22C884C86005447E2 /* HomeViewController.swift in Sources */ = {isa = PBXBuildFile; fileRef = 9795B8E12C884C86005447E2 /* HomeViewController.swift */; };
		9795B8E42C884C91005447E2 /* ImageSelectViewController.swift in Sources */ = {isa = PBXBuildFile; fileRef = 9795B8E32C884C91005447E2 /* ImageSelectViewController.swift */; };
		9795B8E62C884CA0005447E2 /* PostViewController.swift in Sources */ = {isa = PBXBuildFile; fileRef = 9795B8E52C884CA0005447E2 /* PostViewController.swift */; };
		9795B8E82C884CB2005447E2 /* SettingViewController.swift in Sources */ = {isa = PBXBuildFile; fileRef = 9795B8E72C884CB2005447E2 /* SettingViewController.swift */; };
		9795B8EA2C885A80005447E2 /* TabBarController.swift in Sources */ = {isa = PBXBuildFile; fileRef = 9795B8E92C885A80005447E2 /* TabBarController.swift */; };
		9795B8EC2C885EC9005447E2 /* GoogleService-Info.plist in Resources */ = {isa = PBXBuildFile; fileRef = 9795B8EB2C885EC9005447E2 /* GoogleService-Info.plist */; };
		9795B8EE2C8EAC57005447E2 /* Const.swift in Sources */ = {isa = PBXBuildFile; fileRef = 9795B8ED2C8EAC57005447E2 /* Const.swift */; };
		9795B8F02C8EB01E005447E2 /* PostData.swift in Sources */ = {isa = PBXBuildFile; fileRef = 9795B8EF2C8EB01E005447E2 /* PostData.swift */; };
		9795B8F92C8EB30A005447E2 /* PostTableViewCell.xib in Resources */ = {isa = PBXBuildFile; fileRef = 9795B8F82C8EB30A005447E2 /* PostTableViewCell.xib */; };
		9795B8FA2C8EB30A005447E2 /* PostTableViewCell.swift in Sources */ = {isa = PBXBuildFile; fileRef = 9795B8F72C8EB30A005447E2 /* PostTableViewCell.swift */; };
		9795B9022C8ECDE2005447E2 /* CommentViewController.swift in Sources */ = {isa = PBXBuildFile; fileRef = 9795B9012C8ECDE2005447E2 /* CommentViewController.swift */; };
/* End PBXBuildFile section */

/* Begin PBXFileReference section */
		1A038A5B69DF9937F62C989A /* Pods_Instagram.framework */ = {isa = PBXFileReference; explicitFileType = wrapper.framework; includeInIndex = 0; path = Pods_Instagram.framework; sourceTree = BUILT_PRODUCTS_DIR; };
		44DA3F89A17DEF1C3EAE3697 /* Pods-Instagram.debug.xcconfig */ = {isa = PBXFileReference; includeInIndex = 1; lastKnownFileType = text.xcconfig; name = "Pods-Instagram.debug.xcconfig"; path = "Target Support Files/Pods-Instagram/Pods-Instagram.debug.xcconfig"; sourceTree = "<group>"; };
		56E9AE34F8419C2700660492 /* Pods-Instagram.release.xcconfig */ = {isa = PBXFileReference; includeInIndex = 1; lastKnownFileType = text.xcconfig; name = "Pods-Instagram.release.xcconfig"; path = "Target Support Files/Pods-Instagram/Pods-Instagram.release.xcconfig"; sourceTree = "<group>"; };
		9795B8C82C884B66005447E2 /* Instagram.app */ = {isa = PBXFileReference; explicitFileType = wrapper.application; includeInIndex = 0; path = Instagram.app; sourceTree = BUILT_PRODUCTS_DIR; };
		9795B8CB2C884B66005447E2 /* AppDelegate.swift */ = {isa = PBXFileReference; lastKnownFileType = sourcecode.swift; path = AppDelegate.swift; sourceTree = "<group>"; };
		9795B8CD2C884B66005447E2 /* SceneDelegate.swift */ = {isa = PBXFileReference; lastKnownFileType = sourcecode.swift; path = SceneDelegate.swift; sourceTree = "<group>"; };
		9795B8D22C884B66005447E2 /* Base */ = {isa = PBXFileReference; lastKnownFileType = file.storyboard; name = Base; path = Base.lproj/Main.storyboard; sourceTree = "<group>"; };
		9795B8D42C884B68005447E2 /* Assets.xcassets */ = {isa = PBXFileReference; lastKnownFileType = folder.assetcatalog; path = Assets.xcassets; sourceTree = "<group>"; };
		9795B8D72C884B68005447E2 /* Base */ = {isa = PBXFileReference; lastKnownFileType = file.storyboard; name = Base; path = Base.lproj/LaunchScreen.storyboard; sourceTree = "<group>"; };
		9795B8D92C884B68005447E2 /* Info.plist */ = {isa = PBXFileReference; lastKnownFileType = text.plist.xml; path = Info.plist; sourceTree = "<group>"; };
		9795B8DF2C884C79005447E2 /* LoginViewController.swift */ = {isa = PBXFileReference; lastKnownFileType = sourcecode.swift; path = LoginViewController.swift; sourceTree = "<group>"; };
		9795B8E12C884C86005447E2 /* HomeViewController.swift */ = {isa = PBXFileReference; lastKnownFileType = sourcecode.swift; path = HomeViewController.swift; sourceTree = "<group>"; };
		9795B8E32C884C91005447E2 /* ImageSelectViewController.swift */ = {isa = PBXFileReference; lastKnownFileType = sourcecode.swift; path = ImageSelectViewController.swift; sourceTree = "<group>"; };
		9795B8E52C884CA0005447E2 /* PostViewController.swift */ = {isa = PBXFileReference; lastKnownFileType = sourcecode.swift; path = PostViewController.swift; sourceTree = "<group>"; };
		9795B8E72C884CB2005447E2 /* SettingViewController.swift */ = {isa = PBXFileReference; lastKnownFileType = sourcecode.swift; path = SettingViewController.swift; sourceTree = "<group>"; };
		9795B8E92C885A80005447E2 /* TabBarController.swift */ = {isa = PBXFileReference; lastKnownFileType = sourcecode.swift; path = TabBarController.swift; sourceTree = "<group>"; };
		9795B8EB2C885EC9005447E2 /* GoogleService-Info.plist */ = {isa = PBXFileReference; fileEncoding = 4; lastKnownFileType = text.plist.xml; path = "GoogleService-Info.plist"; sourceTree = "<group>"; };
		9795B8ED2C8EAC57005447E2 /* Const.swift */ = {isa = PBXFileReference; lastKnownFileType = sourcecode.swift; path = Const.swift; sourceTree = "<group>"; };
		9795B8EF2C8EB01E005447E2 /* PostData.swift */ = {isa = PBXFileReference; lastKnownFileType = sourcecode.swift; path = PostData.swift; sourceTree = "<group>"; };
		9795B8F72C8EB30A005447E2 /* PostTableViewCell.swift */ = {isa = PBXFileReference; lastKnownFileType = sourcecode.swift; path = PostTableViewCell.swift; sourceTree = "<group>"; };
		9795B8F82C8EB30A005447E2 /* PostTableViewCell.xib */ = {isa = PBXFileReference; lastKnownFileType = file.xib; path = PostTableViewCell.xib; sourceTree = "<group>"; };
		9795B9012C8ECDE2005447E2 /* CommentViewController.swift */ = {isa = PBXFileReference; lastKnownFileType = sourcecode.swift; path = CommentViewController.swift; sourceTree = "<group>"; };
/* End PBXFileReference section */

/* Begin PBXFrameworksBuildPhase section */
		9795B8C52C884B66005447E2 /* Frameworks */ = {
			isa = PBXFrameworksBuildPhase;
			buildActionMask = 2147483647;
			files = (
				4668E0080A90474020696876 /* Pods_Instagram.framework in Frameworks */,
			);
			runOnlyForDeploymentPostprocessing = 0;
		};
/* End PBXFrameworksBuildPhase section */

/* Begin PBXGroup section */
		9795B8BF2C884B66005447E2 = {
			isa = PBXGroup;
			children = (
				9795B8CA2C884B66005447E2 /* Instagram */,
				9795B8C92C884B66005447E2 /* Products */,
				D4731B44E1CA04B0575AC1E4 /* Pods */,
				B96CDBCA9757B92567680C76 /* Frameworks */,
			);
			sourceTree = "<group>";
		};
		9795B8C92C884B66005447E2 /* Products */ = {
			isa = PBXGroup;
			children = (
				9795B8C82C884B66005447E2 /* Instagram.app */,
			);
			name = Products;
			sourceTree = "<group>";
		};
		9795B8CA2C884B66005447E2 /* Instagram */ = {
			isa = PBXGroup;
			children = (
				9795B8EB2C885EC9005447E2 /* GoogleService-Info.plist */,
				9795B8CB2C884B66005447E2 /* AppDelegate.swift */,
				9795B8ED2C8EAC57005447E2 /* Const.swift */,
				9795B8EF2C8EB01E005447E2 /* PostData.swift */,
				9795B8CD2C884B66005447E2 /* SceneDelegate.swift */,
				9795B8DF2C884C79005447E2 /* LoginViewController.swift */,
				9795B8F72C8EB30A005447E2 /* PostTableViewCell.swift */,
				9795B8F82C8EB30A005447E2 /* PostTableViewCell.xib */,
				9795B8E32C884C91005447E2 /* ImageSelectViewController.swift */,
				9795B8E52C884CA0005447E2 /* PostViewController.swift */,
				9795B8E72C884CB2005447E2 /* SettingViewController.swift */,
				9795B9012C8ECDE2005447E2 /* CommentViewController.swift */,
				9795B8E12C884C86005447E2 /* HomeViewController.swift */,
				9795B8E92C885A80005447E2 /* TabBarController.swift */,
				9795B8D12C884B66005447E2 /* Main.storyboard */,
				9795B8D42C884B68005447E2 /* Assets.xcassets */,
				9795B8D62C884B68005447E2 /* LaunchScreen.storyboard */,
				9795B8D92C884B68005447E2 /* Info.plist */,
			);
			path = Instagram;
			sourceTree = "<group>";
		};
		B96CDBCA9757B92567680C76 /* Frameworks */ = {
			isa = PBXGroup;
			children = (
				1A038A5B69DF9937F62C989A /* Pods_Instagram.framework */,
			);
			name = Frameworks;
			sourceTree = "<group>";
		};
		D4731B44E1CA04B0575AC1E4 /* Pods */ = {
			isa = PBXGroup;
			children = (
				44DA3F89A17DEF1C3EAE3697 /* Pods-Instagram.debug.xcconfig */,
				56E9AE34F8419C2700660492 /* Pods-Instagram.release.xcconfig */,
			);
			path = Pods;
			sourceTree = "<group>";
		};
/* End PBXGroup section */

/* Begin PBXNativeTarget section */
		9795B8C72C884B66005447E2 /* Instagram */ = {
			isa = PBXNativeTarget;
			buildConfigurationList = 9795B8DC2C884B68005447E2 /* Build configuration list for PBXNativeTarget "Instagram" */;
			buildPhases = (
				1C0913515EAB791AA904642E /* [CP] Check Pods Manifest.lock */,
				9795B8C42C884B66005447E2 /* Sources */,
				9795B8C52C884B66005447E2 /* Frameworks */,
				9795B8C62C884B66005447E2 /* Resources */,
				4FBF2F038254AE1DC915A8D5 /* [CP] Embed Pods Frameworks */,
			);
			buildRules = (
			);
			dependencies = (
			);
			name = Instagram;
			productName = Instagram;
			productReference = 9795B8C82C884B66005447E2 /* Instagram.app */;
			productType = "com.apple.product-type.application";
		};
/* End PBXNativeTarget section */

/* Begin PBXProject section */
		9795B8C02C884B66005447E2 /* Project object */ = {
			isa = PBXProject;
			attributes = {
				BuildIndependentTargetsInParallel = 1;
				LastSwiftUpdateCheck = 1540;
				LastUpgradeCheck = 1540;
				TargetAttributes = {
					9795B8C72C884B66005447E2 = {
						CreatedOnToolsVersion = 15.4;
					};
				};
			};
			buildConfigurationList = 9795B8C32C884B66005447E2 /* Build configuration list for PBXProject "Instagram" */;
			compatibilityVersion = "Xcode 14.0";
			developmentRegion = en;
			hasScannedForEncodings = 0;
			knownRegions = (
				en,
				Base,
			);
			mainGroup = 9795B8BF2C884B66005447E2;
			productRefGroup = 9795B8C92C884B66005447E2 /* Products */;
			projectDirPath = "";
			projectRoot = "";
			targets = (
				9795B8C72C884B66005447E2 /* Instagram */,
			);
		};
/* End PBXProject section */

/* Begin PBXResourcesBuildPhase section */
		9795B8C62C884B66005447E2 /* Resources */ = {
			isa = PBXResourcesBuildPhase;
			buildActionMask = 2147483647;
			files = (
				9795B8D52C884B68005447E2 /* Assets.xcassets in Resources */,
				9795B8EC2C885EC9005447E2 /* GoogleService-Info.plist in Resources */,
				9795B8F92C8EB30A005447E2 /* PostTableViewCell.xib in Resources */,
				9795B8D82C884B68005447E2 /* Base in Resources */,
				9795B8D32C884B66005447E2 /* Base in Resources */,
			);
			runOnlyForDeploymentPostprocessing = 0;
		};
/* End PBXResourcesBuildPhase section */

/* Begin PBXShellScriptBuildPhase section */
		1C0913515EAB791AA904642E /* [CP] Check Pods Manifest.lock */ = {
			isa = PBXShellScriptBuildPhase;
			buildActionMask = 2147483647;
			files = (
			);
			inputFileListPaths = (
			);
			inputPaths = (
				"${PODS_PODFILE_DIR_PATH}/Podfile.lock",
				"${PODS_ROOT}/Manifest.lock",
			);
			name = "[CP] Check Pods Manifest.lock";
			outputFileListPaths = (
			);
			outputPaths = (
				"$(DERIVED_FILE_DIR)/Pods-Instagram-checkManifestLockResult.txt",
			);
			runOnlyForDeploymentPostprocessing = 0;
			shellPath = /bin/sh;
			shellScript = "diff \"${PODS_PODFILE_DIR_PATH}/Podfile.lock\" \"${PODS_ROOT}/Manifest.lock\" > /dev/null\nif [ $? != 0 ] ; then\n    # print error to STDERR\n    echo \"error: The sandbox is not in sync with the Podfile.lock. Run 'pod install' or update your CocoaPods installation.\" >&2\n    exit 1\nfi\n# This output is used by Xcode 'outputs' to avoid re-running this script phase.\necho \"SUCCESS\" > \"${SCRIPT_OUTPUT_FILE_0}\"\n";
			showEnvVarsInLog = 0;
		};
		4FBF2F038254AE1DC915A8D5 /* [CP] Embed Pods Frameworks */ = {
			isa = PBXShellScriptBuildPhase;
			buildActionMask = 2147483647;
			files = (
			);
			inputFileListPaths = (
				"${PODS_ROOT}/Target Support Files/Pods-Instagram/Pods-Instagram-frameworks-${CONFIGURATION}-input-files.xcfilelist",
			);
			name = "[CP] Embed Pods Frameworks";
			outputFileListPaths = (
				"${PODS_ROOT}/Target Support Files/Pods-Instagram/Pods-Instagram-frameworks-${CONFIGURATION}-output-files.xcfilelist",
			);
			runOnlyForDeploymentPostprocessing = 0;
			shellPath = /bin/sh;
			shellScript = "\"${PODS_ROOT}/Target Support Files/Pods-Instagram/Pods-Instagram-frameworks.sh\"\n";
			showEnvVarsInLog = 0;
		};
/* End PBXShellScriptBuildPhase section */

/* Begin PBXSourcesBuildPhase section */
		9795B8C42C884B66005447E2 /* Sources */ = {
			isa = PBXSourcesBuildPhase;
			buildActionMask = 2147483647;
			files = (
				9795B9022C8ECDE2005447E2 /* CommentViewController.swift in Sources */,
				9795B8E42C884C91005447E2 /* ImageSelectViewController.swift in Sources */,
				9795B8EA2C885A80005447E2 /* TabBarController.swift in Sources */,
				9795B8E22C884C86005447E2 /* HomeViewController.swift in Sources */,
				9795B8E62C884CA0005447E2 /* PostViewController.swift in Sources */,
				9795B8E82C884CB2005447E2 /* SettingViewController.swift in Sources */,
				9795B8F02C8EB01E005447E2 /* PostData.swift in Sources */,
				9795B8E02C884C79005447E2 /* LoginViewController.swift in Sources */,
				9795B8CC2C884B66005447E2 /* AppDelegate.swift in Sources */,
				9795B8CE2C884B66005447E2 /* SceneDelegate.swift in Sources */,
				9795B8EE2C8EAC57005447E2 /* Const.swift in Sources */,
				9795B8FA2C8EB30A005447E2 /* PostTableViewCell.swift in Sources */,
			);
			runOnlyForDeploymentPostprocessing = 0;
		};
/* End PBXSourcesBuildPhase section */

/* Begin PBXVariantGroup section */
		9795B8D12C884B66005447E2 /* Main.storyboard */ = {
			isa = PBXVariantGroup;
			children = (
				9795B8D22C884B66005447E2 /* Base */,
			);
			name = Main.storyboard;
			sourceTree = "<group>";
		};
		9795B8D62C884B68005447E2 /* LaunchScreen.storyboard */ = {
			isa = PBXVariantGroup;
			children = (
				9795B8D72C884B68005447E2 /* Base */,
			);
			name = LaunchScreen.storyboard;
			sourceTree = "<group>";
		};
/* End PBXVariantGroup section */

/* Begin XCBuildConfiguration section */
		9795B8DA2C884B68005447E2 /* Debug */ = {
			isa = XCBuildConfiguration;
			buildSettings = {
				ALWAYS_SEARCH_USER_PATHS = NO;
				ASSETCATALOG_COMPILER_GENERATE_SWIFT_ASSET_SYMBOL_EXTENSIONS = YES;
				CLANG_ANALYZER_NONNULL = YES;
				CLANG_ANALYZER_NUMBER_OBJECT_CONVERSION = YES_AGGRESSIVE;
				CLANG_CXX_LANGUAGE_STANDARD = "gnu++20";
				CLANG_ENABLE_MODULES = YES;
				CLANG_ENABLE_OBJC_ARC = YES;
				CLANG_ENABLE_OBJC_WEAK = YES;
				CLANG_WARN_BLOCK_CAPTURE_AUTORELEASING = YES;
				CLANG_WARN_BOOL_CONVERSION = YES;
				CLANG_WARN_COMMA = YES;
				CLANG_WARN_CONSTANT_CONVERSION = YES;
				CLANG_WARN_DEPRECATED_OBJC_IMPLEMENTATIONS = YES;
				CLANG_WARN_DIRECT_OBJC_ISA_USAGE = YES_ERROR;
				CLANG_WARN_DOCUMENTATION_COMMENTS = YES;
				CLANG_WARN_EMPTY_BODY = YES;
				CLANG_WARN_ENUM_CONVERSION = YES;
				CLANG_WARN_INFINITE_RECURSION = YES;
				CLANG_WARN_INT_CONVERSION = YES;
				CLANG_WARN_NON_LITERAL_NULL_CONVERSION = YES;
				CLANG_WARN_OBJC_IMPLICIT_RETAIN_SELF = YES;
				CLANG_WARN_OBJC_LITERAL_CONVERSION = YES;
				CLANG_WARN_OBJC_ROOT_CLASS = YES_ERROR;
				CLANG_WARN_QUOTED_INCLUDE_IN_FRAMEWORK_HEADER = YES;
				CLANG_WARN_RANGE_LOOP_ANALYSIS = YES;
				CLANG_WARN_STRICT_PROTOTYPES = YES;
				CLANG_WARN_SUSPICIOUS_MOVE = YES;
				CLANG_WARN_UNGUARDED_AVAILABILITY = YES_AGGRESSIVE;
				CLANG_WARN_UNREACHABLE_CODE = YES;
				CLANG_WARN__DUPLICATE_METHOD_MATCH = YES;
				COPY_PHASE_STRIP = NO;
				DEBUG_INFORMATION_FORMAT = dwarf;
				ENABLE_STRICT_OBJC_MSGSEND = YES;
				ENABLE_TESTABILITY = YES;
				ENABLE_USER_SCRIPT_SANDBOXING = NO;
				GCC_C_LANGUAGE_STANDARD = gnu17;
				GCC_DYNAMIC_NO_PIC = NO;
				GCC_NO_COMMON_BLOCKS = YES;
				GCC_OPTIMIZATION_LEVEL = 0;
				GCC_PREPROCESSOR_DEFINITIONS = (
					"DEBUG=1",
					"$(inherited)",
				);
				GCC_WARN_64_TO_32_BIT_CONVERSION = YES;
				GCC_WARN_ABOUT_RETURN_TYPE = YES_ERROR;
				GCC_WARN_UNDECLARED_SELECTOR = YES;
				GCC_WARN_UNINITIALIZED_AUTOS = YES_AGGRESSIVE;
				GCC_WARN_UNUSED_FUNCTION = YES;
				GCC_WARN_UNUSED_VARIABLE = YES;
				IPHONEOS_DEPLOYMENT_TARGET = 17.5;
				LOCALIZATION_PREFERS_STRING_CATALOGS = YES;
				MTL_ENABLE_DEBUG_INFO = INCLUDE_SOURCE;
				MTL_FAST_MATH = YES;
				ONLY_ACTIVE_ARCH = YES;
				SDKROOT = iphoneos;
				SWIFT_ACTIVE_COMPILATION_CONDITIONS = "DEBUG $(inherited)";
				SWIFT_OPTIMIZATION_LEVEL = "-Onone";
			};
			name = Debug;
		};
		9795B8DB2C884B68005447E2 /* Release */ = {
			isa = XCBuildConfiguration;
			buildSettings = {
				ALWAYS_SEARCH_USER_PATHS = NO;
				ASSETCATALOG_COMPILER_GENERATE_SWIFT_ASSET_SYMBOL_EXTENSIONS = YES;
				CLANG_ANALYZER_NONNULL = YES;
				CLANG_ANALYZER_NUMBER_OBJECT_CONVERSION = YES_AGGRESSIVE;
				CLANG_CXX_LANGUAGE_STANDARD = "gnu++20";
				CLANG_ENABLE_MODULES = YES;
				CLANG_ENABLE_OBJC_ARC = YES;
				CLANG_ENABLE_OBJC_WEAK = YES;
				CLANG_WARN_BLOCK_CAPTURE_AUTORELEASING = YES;
				CLANG_WARN_BOOL_CONVERSION = YES;
				CLANG_WARN_COMMA = YES;
				CLANG_WARN_CONSTANT_CONVERSION = YES;
				CLANG_WARN_DEPRECATED_OBJC_IMPLEMENTATIONS = YES;
				CLANG_WARN_DIRECT_OBJC_ISA_USAGE = YES_ERROR;
				CLANG_WARN_DOCUMENTATION_COMMENTS = YES;
				CLANG_WARN_EMPTY_BODY = YES;
				CLANG_WARN_ENUM_CONVERSION = YES;
				CLANG_WARN_INFINITE_RECURSION = YES;
				CLANG_WARN_INT_CONVERSION = YES;
				CLANG_WARN_NON_LITERAL_NULL_CONVERSION = YES;
				CLANG_WARN_OBJC_IMPLICIT_RETAIN_SELF = YES;
				CLANG_WARN_OBJC_LITERAL_CONVERSION = YES;
				CLANG_WARN_OBJC_ROOT_CLASS = YES_ERROR;
				CLANG_WARN_QUOTED_INCLUDE_IN_FRAMEWORK_HEADER = YES;
				CLANG_WARN_RANGE_LOOP_ANALYSIS = YES;
				CLANG_WARN_STRICT_PROTOTYPES = YES;
				CLANG_WARN_SUSPICIOUS_MOVE = YES;
				CLANG_WARN_UNGUARDED_AVAILABILITY = YES_AGGRESSIVE;
				CLANG_WARN_UNREACHABLE_CODE = YES;
				CLANG_WARN__DUPLICATE_METHOD_MATCH = YES;
				COPY_PHASE_STRIP = NO;
				DEBUG_INFORMATION_FORMAT = "dwarf-with-dsym";
				ENABLE_NS_ASSERTIONS = NO;
				ENABLE_STRICT_OBJC_MSGSEND = YES;
				ENABLE_USER_SCRIPT_SANDBOXING = NO;
				GCC_C_LANGUAGE_STANDARD = gnu17;
				GCC_NO_COMMON_BLOCKS = YES;
				GCC_WARN_64_TO_32_BIT_CONVERSION = YES;
				GCC_WARN_ABOUT_RETURN_TYPE = YES_ERROR;
				GCC_WARN_UNDECLARED_SELECTOR = YES;
				GCC_WARN_UNINITIALIZED_AUTOS = YES_AGGRESSIVE;
				GCC_WARN_UNUSED_FUNCTION = YES;
				GCC_WARN_UNUSED_VARIABLE = YES;
				IPHONEOS_DEPLOYMENT_TARGET = 17.5;
				LOCALIZATION_PREFERS_STRING_CATALOGS = YES;
				MTL_ENABLE_DEBUG_INFO = NO;
				MTL_FAST_MATH = YES;
				SDKROOT = iphoneos;
				SWIFT_COMPILATION_MODE = wholemodule;
				VALIDATE_PRODUCT = YES;
			};
			name = Release;
		};
		9795B8DD2C884B68005447E2 /* Debug */ = {
			isa = XCBuildConfiguration;
			baseConfigurationReference = 44DA3F89A17DEF1C3EAE3697 /* Pods-Instagram.debug.xcconfig */;
			buildSettings = {
				ASSETCATALOG_COMPILER_APPICON_NAME = AppIcon;
				ASSETCATALOG_COMPILER_GLOBAL_ACCENT_COLOR_NAME = AccentColor;
				CODE_SIGN_STYLE = Automatic;
				CURRENT_PROJECT_VERSION = 1;
				GENERATE_INFOPLIST_FILE = YES;
				INFOPLIST_FILE = Instagram/Info.plist;
				INFOPLIST_KEY_NSCameraUsageDescription = "本アプリは、画像の投稿およに編集のため、カメラの使用許可を求めます";
				INFOPLIST_KEY_UIApplicationSupportsIndirectInputEvents = YES;
				INFOPLIST_KEY_UILaunchStoryboardName = LaunchScreen;
				INFOPLIST_KEY_UIMainStoryboardFile = Main;
				INFOPLIST_KEY_UISupportedInterfaceOrientations_iPad = "UIInterfaceOrientationPortrait UIInterfaceOrientationPortraitUpsideDown UIInterfaceOrientationLandscapeLeft UIInterfaceOrientationLandscapeRight";
				INFOPLIST_KEY_UISupportedInterfaceOrientations_iPhone = "UIInterfaceOrientationPortrait UIInterfaceOrientationLandscapeLeft UIInterfaceOrientationLandscapeRight";
				IPHONEOS_DEPLOYMENT_TARGET = 17.2;
				LD_RUNPATH_SEARCH_PATHS = (
					"$(inherited)",
					"@executable_path/Frameworks",
				);
				MARKETING_VERSION = 1.0;
				PRODUCT_BUNDLE_IDENTIFIER = jp.techachademy.sota.kobuki.Instagram;
				PRODUCT_NAME = "$(TARGET_NAME)";
				SUPPORTED_PLATFORMS = "iphoneos iphonesimulator";
				SUPPORTS_MACCATALYST = NO;
				SUPPORTS_MAC_DESIGNED_FOR_IPHONE_IPAD = NO;
				SUPPORTS_XR_DESIGNED_FOR_IPHONE_IPAD = NO;
				SWIFT_EMIT_LOC_STRINGS = YES;
				SWIFT_VERSION = 5.0;
				TARGETED_DEVICE_FAMILY = 1;
			};
			name = Debug;
		};
		9795B8DE2C884B68005447E2 /* Release */ = {
			isa = XCBuildConfiguration;
			baseConfigurationReference = 56E9AE34F8419C2700660492 /* Pods-Instagram.release.xcconfig */;
			buildSettings = {
				ASSETCATALOG_COMPILER_APPICON_NAME = AppIcon;
				ASSETCATALOG_COMPILER_GLOBAL_ACCENT_COLOR_NAME = AccentColor;
				CODE_SIGN_STYLE = Automatic;
				CURRENT_PROJECT_VERSION = 1;
				GENERATE_INFOPLIST_FILE = YES;
				INFOPLIST_FILE = Instagram/Info.plist;
				INFOPLIST_KEY_NSCameraUsageDescription = "本アプリは、画像の投稿およに編集のため、カメラの使用許可を求めます";
				INFOPLIST_KEY_UIApplicationSupportsIndirectInputEvents = YES;
				INFOPLIST_KEY_UILaunchStoryboardName = LaunchScreen;
				INFOPLIST_KEY_UIMainStoryboardFile = Main;
				INFOPLIST_KEY_UISupportedInterfaceOrientations_iPad = "UIInterfaceOrientationPortrait UIInterfaceOrientationPortraitUpsideDown UIInterfaceOrientationLandscapeLeft UIInterfaceOrientationLandscapeRight";
				INFOPLIST_KEY_UISupportedInterfaceOrientations_iPhone = "UIInterfaceOrientationPortrait UIInterfaceOrientationLandscapeLeft UIInterfaceOrientationLandscapeRight";
				IPHONEOS_DEPLOYMENT_TARGET = 17.2;
				LD_RUNPATH_SEARCH_PATHS = (
					"$(inherited)",
					"@executable_path/Frameworks",
				);
				MARKETING_VERSION = 1.0;
				PRODUCT_BUNDLE_IDENTIFIER = jp.techachademy.sota.kobuki.Instagram;
				PRODUCT_NAME = "$(TARGET_NAME)";
				SUPPORTED_PLATFORMS = "iphoneos iphonesimulator";
				SUPPORTS_MACCATALYST = NO;
				SUPPORTS_MAC_DESIGNED_FOR_IPHONE_IPAD = NO;
				SUPPORTS_XR_DESIGNED_FOR_IPHONE_IPAD = NO;
				SWIFT_EMIT_LOC_STRINGS = YES;
				SWIFT_VERSION = 5.0;
				TARGETED_DEVICE_FAMILY = 1;
			};
			name = Release;
		};
/* End XCBuildConfiguration section */

/* Begin XCConfigurationList section */
		9795B8C32C884B66005447E2 /* Build configuration list for PBXProject "Instagram" */ = {
			isa = XCConfigurationList;
			buildConfigurations = (
				9795B8DA2C884B68005447E2 /* Debug */,
				9795B8DB2C884B68005447E2 /* Release */,
			);
			defaultConfigurationIsVisible = 0;
			defaultConfigurationName = Release;
		};
		9795B8DC2C884B68005447E2 /* Build configuration list for PBXNativeTarget "Instagram" */ = {
			isa = XCConfigurationList;
			buildConfigurations = (
				9795B8DD2C884B68005447E2 /* Debug */,
				9795B8DE2C884B68005447E2 /* Release */,
			);
			defaultConfigurationIsVisible = 0;
			defaultConfigurationName = Release;
		};
/* End XCConfigurationList section */
	};
	rootObject = 9795B8C02C884B66005447E2 /* Project object */;
}
